# This file is automatically @generated by Poetry 1.8.2 and should not be changed by hand.

[[package]]
name = "blinker"
version = "1.8.2"
description = "Fast, simple object-to-object and broadcast signaling"
optional = false
python-versions = ">=3.8"
files = [
    {file = "blinker-1.8.2-py3-none-any.whl", hash = "sha256:1779309f71bf239144b9399d06ae925637cf6634cf6bd131104184531bf67c01"},
    {file = "blinker-1.8.2.tar.gz", hash = "sha256:8f77b09d3bf7c795e969e9486f39c2c5e9c39d4ee07424be2bc594ece9642d83"},
]

[[package]]
name = "click"
version = "8.1.7"
description = "Composable command line interface toolkit"
optional = false
python-versions = ">=3.7"
files = [
    {file = "click-8.1.7-py3-none-any.whl", hash = "sha256:ae74fb96c20a0277a1d615f1e4d73c8414f5a98db8b799a7931d1582f3390c28"},
    {file = "click-8.1.7.tar.gz", hash = "sha256:ca9853ad459e787e2192211578cc907e7594e294c7ccc834310722b41b9ca6de"},
]

[package.dependencies]
colorama = {version = "*", markers = "platform_system == \"Windows\""}

[[package]]
name = "colorama"
version = "0.4.6"
description = "Cross-platform colored terminal text."
optional = false
python-versions = "!=3.0.*,!=3.1.*,!=3.2.*,!=3.3.*,!=3.4.*,!=3.5.*,!=3.6.*,>=2.7"
files = [
    {file = "colorama-0.4.6-py2.py3-none-any.whl", hash = "sha256:4f1d9991f5acc0ca119f9d443620b77f9d6b33703e51011c16baf57afb285fc6"},
    {file = "colorama-0.4.6.tar.gz", hash = "sha256:08695f5cb7ed6e0531a20572697297273c47b8cae5a63ffc6d6ed5c201be6e44"},
]

[[package]]
name = "environs"
version = "11.0.0"
description = "simplified environment variable parsing"
optional = false
python-versions = ">=3.8"
files = [
    {file = "environs-11.0.0-py3-none-any.whl", hash = "sha256:e0bcfd41c718c07a7db422f9109e490746450da38793fe4ee197f397b9343435"},
    {file = "environs-11.0.0.tar.gz", hash = "sha256:069727a8f73d8ba8d033d3cd95c0da231d44f38f1da773bf076cef168d312ee8"},
]

[package.dependencies]
marshmallow = ">=3.13.0"
python-dotenv = "*"

[package.extras]
dev = ["environs[tests]", "pre-commit (>=3.5,<4.0)", "tox"]
django = ["dj-database-url", "dj-email-url", "django-cache-url"]
tests = ["environs[django]", "pytest"]

[[package]]
name = "flask"
version = "3.0.3"
description = "A simple framework for building complex web applications."
optional = false
python-versions = ">=3.8"
files = [
    {file = "flask-3.0.3-py3-none-any.whl", hash = "sha256:34e815dfaa43340d1d15a5c3a02b8476004037eb4840b34910c6e21679d288f3"},
    {file = "flask-3.0.3.tar.gz", hash = "sha256:ceb27b0af3823ea2737928a4d99d125a06175b8512c445cbd9a9ce200ef76842"},
]

[package.dependencies]
blinker = ">=1.6.2"
click = ">=8.1.3"
itsdangerous = ">=2.1.2"
Jinja2 = ">=3.1.2"
Werkzeug = ">=3.0.0"

[package.extras]
async = ["asgiref (>=3.2)"]
dotenv = ["python-dotenv"]

[[package]]
name = "granian"
version = "1.3.1"
description = "A Rust HTTP server for Python applications"
optional = false
python-versions = ">=3.8"
files = [
    {file = "granian-1.3.1-cp310-cp310-macosx_10_12_x86_64.whl", hash = "sha256:a6c459af46ff5b3d7d2fcef6d4cae7e1d962c05d9041349efeb49c6e03a3a4ad"},
    {file = "granian-1.3.1-cp310-cp310-macosx_11_0_arm64.whl", hash = "sha256:6eb338e9d78f14ce9fcee8afd39691d703d26f6a17f0a31e807e790f62818cc5"},
    {file = "granian-1.3.1-cp310-cp310-manylinux_2_17_aarch64.manylinux2014_aarch64.whl", hash = "sha256:7885ffa80977b9ab96308b11311cf01387c880b0ee7b39c4051f18b34706389a"},
    {file = "granian-1.3.1-cp310-cp310-manylinux_2_17_x86_64.manylinux2014_x86_64.whl", hash = "sha256:5df1fa92c4789d17183810929658cf2f7969b64e04d3777c843196d73a68ce6d"},
    {file = "granian-1.3.1-cp310-cp310-musllinux_1_1_aarch64.whl", hash = "sha256:396203f11ce8406710055194ff75a54bc17703f5139cdddc86f2e9cbb80ebba2"},
    {file = "granian-1.3.1-cp310-cp310-musllinux_1_1_x86_64.whl", hash = "sha256:b783057f22408b4515ddbfbd9fbd8508a9df29e7523c774c3bc3da14cc56c27e"},
    {file = "granian-1.3.1-cp310-none-win_amd64.whl", hash = "sha256:6dd3b46a457935d01cc80e1294c22f00fd0d700c91df498030557bcd1a99c9b9"},
    {file = "granian-1.3.1-cp311-cp311-macosx_10_12_x86_64.whl", hash = "sha256:f682b40f39286423f1ae5426ad3cbafe0b36e6521bb360cc0882385b4f11cd28"},
    {file = "granian-1.3.1-cp311-cp311-macosx_11_0_arm64.whl", hash = "sha256:310581f719ea7c43a9bab1c71ab9c62b09b3b91bd254fed0af8b707531d27a8f"},
    {file = "granian-1.3.1-cp311-cp311-manylinux_2_17_aarch64.manylinux2014_aarch64.whl", hash = "sha256:26bc8e9d2d13d251f442b2241cc73d53025a5a4b17a563e957286562df0bafca"},
    {file = "granian-1.3.1-cp311-cp311-manylinux_2_17_x86_64.manylinux2014_x86_64.whl", hash = "sha256:75f472b93a0ed0e4a1675de465eedf96f67b9585e3ae03272bc250734ff7c5e0"},
    {file = "granian-1.3.1-cp311-cp311-musllinux_1_1_aarch64.whl", hash = "sha256:422077b6f95a0c4cc6be139c38230595de1ee3e64f5cd4a5b366ac9e94a70e1b"},
    {file = "granian-1.3.1-cp311-cp311-musllinux_1_1_x86_64.whl", hash = "sha256:a2767b4c4a2c0fdb1f5c4f1b843901063afc65d8c2be118f063b08eb28b8ac36"},
    {file = "granian-1.3.1-cp311-none-win_amd64.whl", hash = "sha256:2c606bfdeab0709aadfff7b705c3e25fb94434dc5acc26b12531aec3baef9558"},
    {file = "granian-1.3.1-cp312-cp312-macosx_10_12_x86_64.whl", hash = "sha256:e9f60164ba0588db3701ed4b2348893c118257e4374da1747813fb4c33870d68"},
    {file = "granian-1.3.1-cp312-cp312-macosx_11_0_arm64.whl", hash = "sha256:2993c8b9e3fe8e82ad60e892d7bb7ae77670038e06cff9e89f770c858937e697"},
    {file = "granian-1.3.1-cp312-cp312-manylinux_2_17_aarch64.manylinux2014_aarch64.whl", hash = "sha256:7245c041a0bca32e99457f398a9c8b8774609b56e548326aa906b465fae0ec6c"},
    {file = "granian-1.3.1-cp312-cp312-manylinux_2_17_x86_64.manylinux2014_x86_64.whl", hash = "sha256:3118bbb0f47c0374b968787c780f5edcde2653fd8874dd3c753b5bd6b71f6cdf"},
    {file = "granian-1.3.1-cp312-cp312-musllinux_1_1_aarch64.whl", hash = "sha256:411eb1520496f03beca7d3ab28b6adb7738d6f0ac500f2f45dbd8ea24d9639b9"},
    {file = "granian-1.3.1-cp312-cp312-musllinux_1_1_x86_64.whl", hash = "sha256:65cd2cf834dd9fe393add340c4cf2237184684aac4e503b0b447fc691c704378"},
    {file = "granian-1.3.1-cp312-none-win_amd64.whl", hash = "sha256:54517442e7622de643444bd43a13e4b2461771e3c38313c267a9ac0e476a9abb"},
    {file = "granian-1.3.1-cp38-cp38-macosx_10_12_x86_64.whl", hash = "sha256:3350c71e4fd36f2eb30144cad20f5e21f40b6494e6ce17fa2b6c26d3099c661a"},
    {file = "granian-1.3.1-cp38-cp38-macosx_11_0_arm64.whl", hash = "sha256:d4b2015e5937435016b2c25f545ac476ffcde6aa2526fa8252a2cec5c5686353"},
    {file = "granian-1.3.1-cp38-cp38-manylinux_2_17_aarch64.manylinux2014_aarch64.whl", hash = "sha256:2a1e07cabc89ba015fb717232181c14405852237ded401bb962728f07642e125"},
    {file = "granian-1.3.1-cp38-cp38-manylinux_2_17_x86_64.manylinux2014_x86_64.whl", hash = "sha256:50501a23c128c2f491d4454b2185f089070f6ec147f4742531c2b8460136a3b9"},
    {file = "granian-1.3.1-cp38-cp38-musllinux_1_1_aarch64.whl", hash = "sha256:5244bb8e8d404cba127b0737ad89ad2a624df00995ed471e7584f3f1b957c0df"},
    {file = "granian-1.3.1-cp38-cp38-musllinux_1_1_x86_64.whl", hash = "sha256:f7cde47ec2eecca3773806c1f63a3a71392e46be26711e1b6d988924d4acf6bf"},
    {file = "granian-1.3.1-cp38-none-win_amd64.whl", hash = "sha256:fd3d8106d96f85e50dc128d72b94a5234e6452e9976befb258af1278124fde4f"},
    {file = "granian-1.3.1-cp39-cp39-macosx_10_12_x86_64.whl", hash = "sha256:3ededcc3cea77077f793903ca8263149afcbefb05a04e1e8fa68110f4059aabb"},
    {file = "granian-1.3.1-cp39-cp39-macosx_11_0_arm64.whl", hash = "sha256:b37605f3427605599a9ac1312825b386f1c41f1896f59bbbf0ce3055ac817354"},
    {file = "granian-1.3.1-cp39-cp39-manylinux_2_17_aarch64.manylinux2014_aarch64.whl", hash = "sha256:c34cd9cc12401186a4d4e54c0fdae0471d670c3d3bc555e0912ac2c45917840e"},
    {file = "granian-1.3.1-cp39-cp39-manylinux_2_17_x86_64.manylinux2014_x86_64.whl", hash = "sha256:c8a936228840b9915cd153fc9dc570055df81ee43f5eea6bc30e18e73e3c5fe4"},
    {file = "granian-1.3.1-cp39-cp39-musllinux_1_1_aarch64.whl", hash = "sha256:10affc0400b257efd2509d1ce15f3eaef14b0b45fcd821b036de483b9bcae38a"},
    {file = "granian-1.3.1-cp39-cp39-musllinux_1_1_x86_64.whl", hash = "sha256:6ae60fb4b5fd3f5489bab5f5c36b2a72b1195f5f990aac90cde5ec3de1588e5a"},
    {file = "granian-1.3.1-cp39-none-win_amd64.whl", hash = "sha256:e3132f37da4e38b85fe5ae6360e6b48ce340cb98349af148433288a6bbdf1d3e"},
    {file = "granian-1.3.1-pp310-pypy310_pp73-macosx_10_12_x86_64.whl", hash = "sha256:5d57123c49b72d282b94a8842ac274d161016f70b289b3c08e08f2f7d8283c6e"},
    {file = "granian-1.3.1-pp310-pypy310_pp73-macosx_11_0_arm64.whl", hash = "sha256:1cbfeeb22d95bb6cfc797f996be60f21a643d603c6e4a0eb56ebb1a4015b5e25"},
    {file = "granian-1.3.1-pp310-pypy310_pp73-manylinux_2_17_aarch64.manylinux2014_aarch64.whl", hash = "sha256:b332bf511130a68cc5b17f0b8927125be6769e8cdf46ebd297fdffc9fa5d66ff"},
    {file = "granian-1.3.1-pp310-pypy310_pp73-manylinux_2_17_x86_64.manylinux2014_x86_64.whl", hash = "sha256:57019cdfbb4e5b3b1903c6b08d308732ed5341b6c441916f934cb240103729f1"},
    {file = "granian-1.3.1-pp310-pypy310_pp73-musllinux_1_1_aarch64.whl", hash = "sha256:1406d803a5f3c9b11a6848fa1abdc5fc2f39f527675f61368c77cb843b8d3bfc"},
    {file = "granian-1.3.1-pp310-pypy310_pp73-musllinux_1_1_x86_64.whl", hash = "sha256:135a61579bf2fd20dc86ea6c754117ee661c884cf8bd8917f765b47e9e6773c8"},
    {file = "granian-1.3.1-pp310-pypy310_pp73-win_amd64.whl", hash = "sha256:1aebcc9dc3556917ba5d2995165370fd3e04d533c54c1ba2ca611c2d94d036e0"},
    {file = "granian-1.3.1-pp38-pypy38_pp73-macosx_10_12_x86_64.whl", hash = "sha256:ad6a874d56e249020ed45e1a840cbf21a3d414fde89fbe0153035ab37a16dc37"},
    {file = "granian-1.3.1-pp38-pypy38_pp73-macosx_11_0_arm64.whl", hash = "sha256:aa42e80b54af7fa32db57d4382115c0267830c3e17eac17811e9e613c763cf45"},
    {file = "granian-1.3.1-pp38-pypy38_pp73-manylinux_2_17_aarch64.manylinux2014_aarch64.whl", hash = "sha256:2132f60309eea7bf9d6a847582853a067b0ca51c0fd4927d18e54a251a8707b5"},
    {file = "granian-1.3.1-pp38-pypy38_pp73-manylinux_2_17_x86_64.manylinux2014_x86_64.whl", hash = "sha256:a9592d3eaf6d0f14abfc825eccd55b62b74abd4513da8fabbab1eebd2d013b71"},
    {file = "granian-1.3.1-pp38-pypy38_pp73-musllinux_1_1_aarch64.whl", hash = "sha256:c71b18d3a6f5980ab044861678cccce9e6fd6c5e401cc53b02f7605f2f31cb9d"},
    {file = "granian-1.3.1-pp38-pypy38_pp73-musllinux_1_1_x86_64.whl", hash = "sha256:09818af44ac163d8a2c2df068f4db2d3a6032d3d22a226a309fcaf4989e6798e"},
    {file = "granian-1.3.1-pp38-pypy38_pp73-win_amd64.whl", hash = "sha256:0145fa076a6ad993498e255c67b4fd647a03803a51ee30de856ba66659dd0b1e"},
    {file = "granian-1.3.1-pp39-pypy39_pp73-macosx_10_12_x86_64.whl", hash = "sha256:1bc2879cc56fbdf7350481f40a213ceba13360a281b1748b0e2ed1edc3d7630d"},
    {file = "granian-1.3.1-pp39-pypy39_pp73-macosx_11_0_arm64.whl", hash = "sha256:67bac881cbcc2bb56a1a0a4190c97c73314088f8ddfdd99b9379959e432dc9d3"},
    {file = "granian-1.3.1-pp39-pypy39_pp73-manylinux_2_17_aarch64.manylinux2014_aarch64.whl", hash = "sha256:48df73ae1840a223b85e93de870c7cc8314b918e8e5af4de9220a2510c6cc2f6"},
    {file = "granian-1.3.1-pp39-pypy39_pp73-manylinux_2_17_x86_64.manylinux2014_x86_64.whl", hash = "sha256:555a573754dd8b4c01a75a75d7dcbad016e8a726c06f8fc10b530a9ea58d0c50"},
    {file = "granian-1.3.1-pp39-pypy39_pp73-musllinux_1_1_aarch64.whl", hash = "sha256:9cb51fb2b37567a24f984dc6fcd2a3ba4a40c1af6b794e2f4a74206989eda11f"},
    {file = "granian-1.3.1-pp39-pypy39_pp73-musllinux_1_1_x86_64.whl", hash = "sha256:70676812437274aab6520e11f729e870da058c894406ac6048dfb631cd90523d"},
    {file = "granian-1.3.1-pp39-pypy39_pp73-win_amd64.whl", hash = "sha256:39a7720d5bc2867863c5a9844eff8cc4ccf2a3ce916390c8015a81c31f725703"},
    {file = "granian-1.3.1.tar.gz", hash = "sha256:4b5381a5e6eb20e702c72b8c87becdea36bc8f3e322c5fe7bfca53982c537e51"},
]

[package.dependencies]
click = ">=8.0.0"
uvloop = {version = ">=0.18.0,<0.19.0", markers = "sys_platform != \"win32\" and platform_python_implementation == \"CPython\""}

[package.extras]
all = ["granian[pname,reload]"]
dev = ["granian[all,lint,test]"]
lint = ["ruff (>=0.1.0,<0.2.0)"]
pname = ["setproctitle (>=1.3.3,<1.4.0)"]
reload = ["watchfiles (>=0.21,<1.0)"]
test = ["httpx (>=0.25.0,<0.26.0)", "pytest (>=7.4.2,<7.5.0)", "pytest-asyncio (>=0.21.1,<0.22.0)", "websockets (>=11.0,<12.0)"]

[[package]]
name = "itsdangerous"
version = "2.2.0"
description = "Safely pass data to untrusted environments and back."
optional = false
python-versions = ">=3.8"
files = [
    {file = "itsdangerous-2.2.0-py3-none-any.whl", hash = "sha256:c6242fc49e35958c8b15141343aa660db5fc54d4f13a1db01a3f5891b98700ef"},
    {file = "itsdangerous-2.2.0.tar.gz", hash = "sha256:e0050c0b7da1eea53ffaf149c0cfbb5c6e2e2b69c4bef22c81fa6eb73e5f6173"},
]

[[package]]
name = "jinja2"
version = "3.1.4"
description = "A very fast and expressive template engine."
optional = false
python-versions = ">=3.7"
files = [
    {file = "jinja2-3.1.4-py3-none-any.whl", hash = "sha256:bc5dd2abb727a5319567b7a813e6a2e7318c39f4f487cfe6c89c6f9c7d25197d"},
    {file = "jinja2-3.1.4.tar.gz", hash = "sha256:4a3aee7acbbe7303aede8e9648d13b8bf88a429282aa6122a993f0ac800cb369"},
]

[package.dependencies]
MarkupSafe = ">=2.0"

[package.extras]
i18n = ["Babel (>=2.7)"]

[[package]]
name = "lmdb"
version = "1.4.1"
description = "Universal Python binding for the LMDB 'Lightning' Database"
optional = false
python-versions = "*"
files = [
    {file = "lmdb-1.4.1-cp27-cp27m-macosx_10_14_x86_64.whl", hash = "sha256:dcdbe27f75da9b8f58815c6ac9a1f8fa2d7a8d42abc22abb664e089002d5ffa4"},
    {file = "lmdb-1.4.1-cp310-cp310-macosx_11_0_x86_64.whl", hash = "sha256:032ce6f490caedbec642fc0a79114475e8520d1bf1e1465c6a12b8e5fe39022f"},
    {file = "lmdb-1.4.1-cp310-cp310-manylinux_2_17_aarch64.manylinux2014_aarch64.whl", hash = "sha256:13c5c8504d419039d6617cee24941e420d648a5b15c4b21e6491821400e5750f"},
    {file = "lmdb-1.4.1-cp310-cp310-manylinux_2_17_x86_64.manylinux2014_x86_64.whl", hash = "sha256:6f8018a947608c4be0dc885c90f477a600be1b71285059a9c68280d36b3fb29b"},
    {file = "lmdb-1.4.1-cp310-cp310-win_amd64.whl", hash = "sha256:360ac42a8772f571fdd01156e0466d6be52eea1140556a138281b7c887916ae2"},
    {file = "lmdb-1.4.1-cp311-cp311-macosx_10_9_universal2.whl", hash = "sha256:f683f3d9a1771f21a7788a9be98fae9f3ce13cb8d549d6074d0402f284572458"},
    {file = "lmdb-1.4.1-cp311-cp311-manylinux_2_17_aarch64.manylinux2014_aarch64.whl", hash = "sha256:73332a830c72d76d57744cd2b29eca2c258bc406273ca4ee07dc9e48ae84d712"},
    {file = "lmdb-1.4.1-cp311-cp311-manylinux_2_17_x86_64.manylinux2014_x86_64.whl", hash = "sha256:0c178c5134e942256a830b0bca7bb052d3d7c645b4b8759d720ab49ec36b3aae"},
    {file = "lmdb-1.4.1-cp311-cp311-win_amd64.whl", hash = "sha256:12047c239ab6ccbbc9db99277aabcfe1c15b1cfc9ea33b92ab30ddd6f0823a10"},
    {file = "lmdb-1.4.1-cp35-cp35m-macosx_10_14_x86_64.whl", hash = "sha256:91930a2a7eb9acc4d687f9067d6f9ec83c9673bbee55823badbbee2f9a3e9970"},
    {file = "lmdb-1.4.1-cp36-cp36m-macosx_10_14_x86_64.whl", hash = "sha256:1b106eb7a23b6a224bc7dfe2bd5a34c84973dda039965ae99106e10d22833dd9"},
    {file = "lmdb-1.4.1-cp36-cp36m-manylinux_2_17_aarch64.manylinux2014_aarch64.whl", hash = "sha256:9d7779ccfacd5f4c62f28485dd2427b54d19dd7016000e6237816a3750287a82"},
    {file = "lmdb-1.4.1-cp36-cp36m-manylinux_2_17_x86_64.manylinux2014_x86_64.whl", hash = "sha256:0c1f1eff7ae8d8d534309f05e274fd646dd1d4abf5157c59db59a54a55463371"},
    {file = "lmdb-1.4.1-cp36-cp36m-win_amd64.whl", hash = "sha256:b6354df94d241e8c0158f716902224109a5f3f7ed9a24447a25f968427f61d77"},
    {file = "lmdb-1.4.1-cp37-cp37m-macosx_10_15_x86_64.whl", hash = "sha256:64cf7470edfc45ff0369956e40a0784b5225097569299b91f893bd50fa336f52"},
    {file = "lmdb-1.4.1-cp37-cp37m-manylinux_2_17_aarch64.manylinux2014_aarch64.whl", hash = "sha256:a3c15d344731507fcfddb911a86d325e867c5574751af28591e82ecf21aad1e5"},
    {file = "lmdb-1.4.1-cp37-cp37m-manylinux_2_17_x86_64.manylinux2014_x86_64.whl", hash = "sha256:342550b86bb6275bfb89dbde9e48385da51d57124433bd464cd7681d0702f566"},
    {file = "lmdb-1.4.1-cp37-cp37m-win_amd64.whl", hash = "sha256:3a99a3859427fbc273ae1e932b3e7da946089757e74a05a24a19f5c4a1aba933"},
    {file = "lmdb-1.4.1-cp38-cp38-macosx_10_15_x86_64.whl", hash = "sha256:f71da9bd33fd17c9cdbe2bd4ce87f4b36b8f044927df4220bec4b03f209c78a2"},
    {file = "lmdb-1.4.1-cp38-cp38-manylinux_2_17_aarch64.manylinux2014_aarch64.whl", hash = "sha256:4e9ff50ad20d890bc63524230237a61b6eb3be96ad6a6ac475e8ba1a1f2c751f"},
    {file = "lmdb-1.4.1-cp38-cp38-manylinux_2_17_x86_64.manylinux2014_x86_64.whl", hash = "sha256:81abf9475a62b7ced1ac0352967106b7ed1ac5d1c1a0d23ed24abe55a28f9884"},
    {file = "lmdb-1.4.1-cp38-cp38-win_amd64.whl", hash = "sha256:c9fa31743b447a3fbbbdaefc858de1c761568d855155dec54d5ad490f88856b6"},
    {file = "lmdb-1.4.1-cp39-cp39-macosx_11_0_x86_64.whl", hash = "sha256:26ef8fa7bd34a64f78f5e16fa9bcce0fe2ad682dd26ef078f95a8847dacb1171"},
    {file = "lmdb-1.4.1-cp39-cp39-manylinux_2_17_aarch64.manylinux2014_aarch64.whl", hash = "sha256:9f5dc8a335f7925fd667d62a5e43bed3aa35959b32b233fe0112a6ef02e07877"},
    {file = "lmdb-1.4.1-cp39-cp39-manylinux_2_17_x86_64.manylinux2014_x86_64.whl", hash = "sha256:7ba5d78b0ff130b38a56b7161ceb7e27ba4364d827d2bbb251c24b06c28c64cd"},
    {file = "lmdb-1.4.1-cp39-cp39-win_amd64.whl", hash = "sha256:3b84f6a349ed1bd3fa4e6c3c6b711d0389cc8d9206733cb92feffaf102998e0c"},
    {file = "lmdb-1.4.1-pp27-pypy_73-macosx_10_7_x86_64.whl", hash = "sha256:a428e6b0e298290b91b7d0ce409f595c2c9027d7f2076c39ba006290b90d14cc"},
    {file = "lmdb-1.4.1-pp27-pypy_73-win_amd64.whl", hash = "sha256:885d3f3bf51b9167d368e37b1f1277eabf595dceefd69a489bd81c1ffd3d8ffd"},
    {file = "lmdb-1.4.1-pp39-pypy39_pp73-win_amd64.whl", hash = "sha256:4bd8e49d5209c652b2caa18a3a4c30524025d7868d34b7bb249c42f7997da240"},
    {file = "lmdb-1.4.1.tar.gz", hash = "sha256:1f4c76af24e907593487c904ef5eba1993beb38ed385af82adb25a858f2d658d"},
]

[[package]]
name = "lmdbm"
version = "0.0.6"
description = "Python DBM style wrapper around LMDB (Lightning Memory-Mapped Database)"
optional = false
python-versions = ">=3.7"
files = [
    {file = "lmdbm-0.0.6-py3-none-any.whl", hash = "sha256:452971c13009714acf21f47623fbec1b24fdc75e26062d9306580e615725d85b"},
    {file = "lmdbm-0.0.6.tar.gz", hash = "sha256:2c1d0dd995b074fe72154cc59c9221b348afccb237e2994aa0a463d6621a4db9"},
]

[package.dependencies]
lmdb = "*"
typing-extensions = ">=4"

[package.extras]
bench = ["genutility[iter,rich,time] (>=0.0.103)", "pysos (==1.2.9)", "pytablewriter (==0.63)", "rocksdict (==0.3.5)", "semidbm (==0.5.1)", "sqlitedict (==1.7)", "unqlite (==0.9.2)", "vedis (==0.7.1)"]
test = ["genutility[test]"]

[[package]]
name = "markupsafe"
version = "2.1.5"
description = "Safely add untrusted strings to HTML/XML markup."
optional = false
python-versions = ">=3.7"
files = [
    {file = "MarkupSafe-2.1.5-cp310-cp310-macosx_10_9_universal2.whl", hash = "sha256:a17a92de5231666cfbe003f0e4b9b3a7ae3afb1ec2845aadc2bacc93ff85febc"},
    {file = "MarkupSafe-2.1.5-cp310-cp310-macosx_10_9_x86_64.whl", hash = "sha256:72b6be590cc35924b02c78ef34b467da4ba07e4e0f0454a2c5907f473fc50ce5"},
    {file = "MarkupSafe-2.1.5-cp310-cp310-manylinux_2_17_aarch64.manylinux2014_aarch64.whl", hash = "sha256:e61659ba32cf2cf1481e575d0462554625196a1f2fc06a1c777d3f48e8865d46"},
    {file = "MarkupSafe-2.1.5-cp310-cp310-manylinux_2_17_x86_64.manylinux2014_x86_64.whl", hash = "sha256:2174c595a0d73a3080ca3257b40096db99799265e1c27cc5a610743acd86d62f"},
    {file = "MarkupSafe-2.1.5-cp310-cp310-manylinux_2_5_i686.manylinux1_i686.manylinux_2_17_i686.manylinux2014_i686.whl", hash = "sha256:ae2ad8ae6ebee9d2d94b17fb62763125f3f374c25618198f40cbb8b525411900"},
    {file = "MarkupSafe-2.1.5-cp310-cp310-musllinux_1_1_aarch64.whl", hash = "sha256:075202fa5b72c86ad32dc7d0b56024ebdbcf2048c0ba09f1cde31bfdd57bcfff"},
    {file = "MarkupSafe-2.1.5-cp310-cp310-musllinux_1_1_i686.whl", hash = "sha256:598e3276b64aff0e7b3451b72e94fa3c238d452e7ddcd893c3ab324717456bad"},
    {file = "MarkupSafe-2.1.5-cp310-cp310-musllinux_1_1_x86_64.whl", hash = "sha256:fce659a462a1be54d2ffcacea5e3ba2d74daa74f30f5f143fe0c58636e355fdd"},
    {file = "MarkupSafe-2.1.5-cp310-cp310-win32.whl", hash = "sha256:d9fad5155d72433c921b782e58892377c44bd6252b5af2f67f16b194987338a4"},
    {file = "MarkupSafe-2.1.5-cp310-cp310-win_amd64.whl", hash = "sha256:bf50cd79a75d181c9181df03572cdce0fbb75cc353bc350712073108cba98de5"},
    {file = "MarkupSafe-2.1.5-cp311-cp311-macosx_10_9_universal2.whl", hash = "sha256:629ddd2ca402ae6dbedfceeba9c46d5f7b2a61d9749597d4307f943ef198fc1f"},
    {file = "MarkupSafe-2.1.5-cp311-cp311-macosx_10_9_x86_64.whl", hash = "sha256:5b7b716f97b52c5a14bffdf688f971b2d5ef4029127f1ad7a513973cfd818df2"},
    {file = "MarkupSafe-2.1.5-cp311-cp311-manylinux_2_17_aarch64.manylinux2014_aarch64.whl", hash = "sha256:6ec585f69cec0aa07d945b20805be741395e28ac1627333b1c5b0105962ffced"},
    {file = "MarkupSafe-2.1.5-cp311-cp311-manylinux_2_17_x86_64.manylinux2014_x86_64.whl", hash = "sha256:b91c037585eba9095565a3556f611e3cbfaa42ca1e865f7b8015fe5c7336d5a5"},
    {file = "MarkupSafe-2.1.5-cp311-cp311-manylinux_2_5_i686.manylinux1_i686.manylinux_2_17_i686.manylinux2014_i686.whl", hash = "sha256:7502934a33b54030eaf1194c21c692a534196063db72176b0c4028e140f8f32c"},
    {file = "MarkupSafe-2.1.5-cp311-cp311-musllinux_1_1_aarch64.whl", hash = "sha256:0e397ac966fdf721b2c528cf028494e86172b4feba51d65f81ffd65c63798f3f"},
    {file = "MarkupSafe-2.1.5-cp311-cp311-musllinux_1_1_i686.whl", hash = "sha256:c061bb86a71b42465156a3ee7bd58c8c2ceacdbeb95d05a99893e08b8467359a"},
    {file = "MarkupSafe-2.1.5-cp311-cp311-musllinux_1_1_x86_64.whl", hash = "sha256:3a57fdd7ce31c7ff06cdfbf31dafa96cc533c21e443d57f5b1ecc6cdc668ec7f"},
    {file = "MarkupSafe-2.1.5-cp311-cp311-win32.whl", hash = "sha256:397081c1a0bfb5124355710fe79478cdbeb39626492b15d399526ae53422b906"},
    {file = "MarkupSafe-2.1.5-cp311-cp311-win_amd64.whl", hash = "sha256:2b7c57a4dfc4f16f7142221afe5ba4e093e09e728ca65c51f5620c9aaeb9a617"},
    {file = "MarkupSafe-2.1.5-cp312-cp312-macosx_10_9_universal2.whl", hash = "sha256:8dec4936e9c3100156f8a2dc89c4b88d5c435175ff03413b443469c7c8c5f4d1"},
    {file = "MarkupSafe-2.1.5-cp312-cp312-macosx_10_9_x86_64.whl", hash = "sha256:3c6b973f22eb18a789b1460b4b91bf04ae3f0c4234a0a6aa6b0a92f6f7b951d4"},
    {file = "MarkupSafe-2.1.5-cp312-cp312-manylinux_2_17_aarch64.manylinux2014_aarch64.whl", hash = "sha256:ac07bad82163452a6884fe8fa0963fb98c2346ba78d779ec06bd7a6262132aee"},
    {file = "MarkupSafe-2.1.5-cp312-cp312-manylinux_2_17_x86_64.manylinux2014_x86_64.whl", hash = "sha256:f5dfb42c4604dddc8e4305050aa6deb084540643ed5804d7455b5df8fe16f5e5"},
    {file = "MarkupSafe-2.1.5-cp312-cp312-manylinux_2_5_i686.manylinux1_i686.manylinux_2_17_i686.manylinux2014_i686.whl", hash = "sha256:ea3d8a3d18833cf4304cd2fc9cbb1efe188ca9b5efef2bdac7adc20594a0e46b"},
    {file = "MarkupSafe-2.1.5-cp312-cp312-musllinux_1_1_aarch64.whl", hash = "sha256:d050b3361367a06d752db6ead6e7edeb0009be66bc3bae0ee9d97fb326badc2a"},
    {file = "MarkupSafe-2.1.5-cp312-cp312-musllinux_1_1_i686.whl", hash = "sha256:bec0a414d016ac1a18862a519e54b2fd0fc8bbfd6890376898a6c0891dd82e9f"},
    {file = "MarkupSafe-2.1.5-cp312-cp312-musllinux_1_1_x86_64.whl", hash = "sha256:58c98fee265677f63a4385256a6d7683ab1832f3ddd1e66fe948d5880c21a169"},
    {file = "MarkupSafe-2.1.5-cp312-cp312-win32.whl", hash = "sha256:8590b4ae07a35970728874632fed7bd57b26b0102df2d2b233b6d9d82f6c62ad"},
    {file = "MarkupSafe-2.1.5-cp312-cp312-win_amd64.whl", hash = "sha256:823b65d8706e32ad2df51ed89496147a42a2a6e01c13cfb6ffb8b1e92bc910bb"},
    {file = "MarkupSafe-2.1.5-cp37-cp37m-macosx_10_9_x86_64.whl", hash = "sha256:c8b29db45f8fe46ad280a7294f5c3ec36dbac9491f2d1c17345be8e69cc5928f"},
    {file = "MarkupSafe-2.1.5-cp37-cp37m-manylinux_2_17_aarch64.manylinux2014_aarch64.whl", hash = "sha256:ec6a563cff360b50eed26f13adc43e61bc0c04d94b8be985e6fb24b81f6dcfdf"},
    {file = "MarkupSafe-2.1.5-cp37-cp37m-manylinux_2_17_x86_64.manylinux2014_x86_64.whl", hash = "sha256:a549b9c31bec33820e885335b451286e2969a2d9e24879f83fe904a5ce59d70a"},
    {file = "MarkupSafe-2.1.5-cp37-cp37m-manylinux_2_5_i686.manylinux1_i686.manylinux_2_17_i686.manylinux2014_i686.whl", hash = "sha256:4f11aa001c540f62c6166c7726f71f7573b52c68c31f014c25cc7901deea0b52"},
    {file = "MarkupSafe-2.1.5-cp37-cp37m-musllinux_1_1_aarch64.whl", hash = "sha256:7b2e5a267c855eea6b4283940daa6e88a285f5f2a67f2220203786dfa59b37e9"},
    {file = "MarkupSafe-2.1.5-cp37-cp37m-musllinux_1_1_i686.whl", hash = "sha256:2d2d793e36e230fd32babe143b04cec8a8b3eb8a3122d2aceb4a371e6b09b8df"},
    {file = "MarkupSafe-2.1.5-cp37-cp37m-musllinux_1_1_x86_64.whl", hash = "sha256:ce409136744f6521e39fd8e2a24c53fa18ad67aa5bc7c2cf83645cce5b5c4e50"},
    {file = "MarkupSafe-2.1.5-cp37-cp37m-win32.whl", hash = "sha256:4096e9de5c6fdf43fb4f04c26fb114f61ef0bf2e5604b6ee3019d51b69e8c371"},
    {file = "MarkupSafe-2.1.5-cp37-cp37m-win_amd64.whl", hash = "sha256:4275d846e41ecefa46e2015117a9f491e57a71ddd59bbead77e904dc02b1bed2"},
    {file = "MarkupSafe-2.1.5-cp38-cp38-macosx_10_9_universal2.whl", hash = "sha256:656f7526c69fac7f600bd1f400991cc282b417d17539a1b228617081106feb4a"},
    {file = "MarkupSafe-2.1.5-cp38-cp38-macosx_10_9_x86_64.whl", hash = "sha256:97cafb1f3cbcd3fd2b6fbfb99ae11cdb14deea0736fc2b0952ee177f2b813a46"},
    {file = "MarkupSafe-2.1.5-cp38-cp38-manylinux_2_17_aarch64.manylinux2014_aarch64.whl", hash = "sha256:1f3fbcb7ef1f16e48246f704ab79d79da8a46891e2da03f8783a5b6fa41a9532"},
    {file = "MarkupSafe-2.1.5-cp38-cp38-manylinux_2_17_x86_64.manylinux2014_x86_64.whl", hash = "sha256:fa9db3f79de01457b03d4f01b34cf91bc0048eb2c3846ff26f66687c2f6d16ab"},
    {file = "MarkupSafe-2.1.5-cp38-cp38-manylinux_2_5_i686.manylinux1_i686.manylinux_2_17_i686.manylinux2014_i686.whl", hash = "sha256:ffee1f21e5ef0d712f9033568f8344d5da8cc2869dbd08d87c84656e6a2d2f68"},
    {file = "MarkupSafe-2.1.5-cp38-cp38-musllinux_1_1_aarch64.whl", hash = "sha256:5dedb4db619ba5a2787a94d877bc8ffc0566f92a01c0ef214865e54ecc9ee5e0"},
    {file = "MarkupSafe-2.1.5-cp38-cp38-musllinux_1_1_i686.whl", hash = "sha256:30b600cf0a7ac9234b2638fbc0fb6158ba5bdcdf46aeb631ead21248b9affbc4"},
    {file = "MarkupSafe-2.1.5-cp38-cp38-musllinux_1_1_x86_64.whl", hash = "sha256:8dd717634f5a044f860435c1d8c16a270ddf0ef8588d4887037c5028b859b0c3"},
    {file = "MarkupSafe-2.1.5-cp38-cp38-win32.whl", hash = "sha256:daa4ee5a243f0f20d528d939d06670a298dd39b1ad5f8a72a4275124a7819eff"},
    {file = "MarkupSafe-2.1.5-cp38-cp38-win_amd64.whl", hash = "sha256:619bc166c4f2de5caa5a633b8b7326fbe98e0ccbfacabd87268a2b15ff73a029"},
    {file = "MarkupSafe-2.1.5-cp39-cp39-macosx_10_9_universal2.whl", hash = "sha256:7a68b554d356a91cce1236aa7682dc01df0edba8d043fd1ce607c49dd3c1edcf"},
    {file = "MarkupSafe-2.1.5-cp39-cp39-macosx_10_9_x86_64.whl", hash = "sha256:db0b55e0f3cc0be60c1f19efdde9a637c32740486004f20d1cff53c3c0ece4d2"},
    {file = "MarkupSafe-2.1.5-cp39-cp39-manylinux_2_17_aarch64.manylinux2014_aarch64.whl", hash = "sha256:3e53af139f8579a6d5f7b76549125f0d94d7e630761a2111bc431fd820e163b8"},
    {file = "MarkupSafe-2.1.5-cp39-cp39-manylinux_2_17_x86_64.manylinux2014_x86_64.whl", hash = "sha256:17b950fccb810b3293638215058e432159d2b71005c74371d784862b7e4683f3"},
    {file = "MarkupSafe-2.1.5-cp39-cp39-manylinux_2_5_i686.manylinux1_i686.manylinux_2_17_i686.manylinux2014_i686.whl", hash = "sha256:4c31f53cdae6ecfa91a77820e8b151dba54ab528ba65dfd235c80b086d68a465"},
    {file = "MarkupSafe-2.1.5-cp39-cp39-musllinux_1_1_aarch64.whl", hash = "sha256:bff1b4290a66b490a2f4719358c0cdcd9bafb6b8f061e45c7a2460866bf50c2e"},
    {file = "MarkupSafe-2.1.5-cp39-cp39-musllinux_1_1_i686.whl", hash = "sha256:bc1667f8b83f48511b94671e0e441401371dfd0f0a795c7daa4a3cd1dde55bea"},
    {file = "MarkupSafe-2.1.5-cp39-cp39-musllinux_1_1_x86_64.whl", hash = "sha256:5049256f536511ee3f7e1b3f87d1d1209d327e818e6ae1365e8653d7e3abb6a6"},
    {file = "MarkupSafe-2.1.5-cp39-cp39-win32.whl", hash = "sha256:00e046b6dd71aa03a41079792f8473dc494d564611a8f89bbbd7cb93295ebdcf"},
    {file = "MarkupSafe-2.1.5-cp39-cp39-win_amd64.whl", hash = "sha256:fa173ec60341d6bb97a89f5ea19c85c5643c1e7dedebc22f5181eb73573142c5"},
    {file = "MarkupSafe-2.1.5.tar.gz", hash = "sha256:d283d37a890ba4c1ae73ffadf8046435c76e7bc2247bbb63c00bd1a709c6544b"},
]

[[package]]
name = "marshmallow"
version = "3.21.2"
description = "A lightweight library for converting complex datatypes to and from native Python datatypes."
optional = false
python-versions = ">=3.8"
files = [
    {file = "marshmallow-3.21.2-py3-none-any.whl", hash = "sha256:70b54a6282f4704d12c0a41599682c5c5450e843b9ec406308653b47c59648a1"},
    {file = "marshmallow-3.21.2.tar.gz", hash = "sha256:82408deadd8b33d56338d2182d455db632c6313aa2af61916672146bb32edc56"},
]

[package.dependencies]
packaging = ">=17.0"

[package.extras]
dev = ["marshmallow[tests]", "pre-commit (>=3.5,<4.0)", "tox"]
docs = ["alabaster (==0.7.16)", "autodocsumm (==0.2.12)", "sphinx (==7.3.7)", "sphinx-issues (==4.1.0)", "sphinx-version-warning (==1.1.2)"]
tests = ["pytest", "pytz", "simplejson"]

[[package]]
name = "packaging"
version = "24.0"
description = "Core utilities for Python packages"
optional = false
python-versions = ">=3.7"
files = [
    {file = "packaging-24.0-py3-none-any.whl", hash = "sha256:2ddfb553fdf02fb784c234c7ba6ccc288296ceabec964ad2eae3777778130bc5"},
    {file = "packaging-24.0.tar.gz", hash = "sha256:eb82c5e3e56209074766e6885bb04b8c38a0c015d0a30036ebe7ece34c9989e9"},
]

[[package]]
name = "python-dotenv"
version = "1.0.1"
description = "Read key-value pairs from a .env file and set them as environment variables"
optional = false
python-versions = ">=3.8"
files = [
    {file = "python-dotenv-1.0.1.tar.gz", hash = "sha256:e324ee90a023d808f1959c46bcbc04446a10ced277783dc6ee09987c37ec10ca"},
    {file = "python_dotenv-1.0.1-py3-none-any.whl", hash = "sha256:f7b63ef50f1b690dddf550d03497b66d609393b40b564ed0d674909a68ebf16a"},
]

[package.extras]
cli = ["click (>=5.0)"]

[[package]]
name = "structlog"
version = "24.1.0"
description = "Structured Logging for Python"
optional = false
python-versions = ">=3.8"
files = [
    {file = "structlog-24.1.0-py3-none-any.whl", hash = "sha256:3f6efe7d25fab6e86f277713c218044669906537bb717c1807a09d46bca0714d"},
    {file = "structlog-24.1.0.tar.gz", hash = "sha256:41a09886e4d55df25bdcb9b5c9674bccfab723ff43e0a86a1b7b236be8e57b16"},
]

[package.extras]
dev = ["structlog[tests,typing]"]
docs = ["furo", "myst-parser", "sphinx", "sphinx-notfound-page", "sphinxcontrib-mermaid", "sphinxext-opengraph", "twisted"]
tests = ["freezegun (>=0.2.8)", "pretend", "pytest (>=6.0)", "pytest-asyncio (>=0.17)", "simplejson"]
typing = ["mypy (>=1.4)", "rich", "twisted"]

[[package]]
name = "typing-extensions"
version = "4.11.0"
description = "Backported and Experimental Type Hints for Python 3.8+"
optional = false
python-versions = ">=3.8"
files = [
    {file = "typing_extensions-4.11.0-py3-none-any.whl", hash = "sha256:c1f94d72897edaf4ce775bb7558d5b79d8126906a14ea5ed1635921406c0387a"},
    {file = "typing_extensions-4.11.0.tar.gz", hash = "sha256:83f085bd5ca59c80295fc2a82ab5dac679cbe02b9f33f7d83af68e241bea51b0"},
]

[[package]]
name = "uvloop"
version = "0.18.0"
description = "Fast implementation of asyncio event loop on top of libuv"
optional = false
python-versions = ">=3.7.0"
files = [
    {file = "uvloop-0.18.0-cp310-cp310-macosx_10_9_universal2.whl", hash = "sha256:1f354d669586fca96a9a688c585b6257706d216177ac457c92e15709acaece10"},
    {file = "uvloop-0.18.0-cp310-cp310-macosx_10_9_x86_64.whl", hash = "sha256:280904236a5b333a273292b3bcdcbfe173690f69901365b973fa35be302d7781"},
    {file = "uvloop-0.18.0-cp310-cp310-manylinux_2_17_aarch64.manylinux2014_aarch64.whl", hash = "sha256:ad79cd30c7e7484bdf6e315f3296f564b3ee2f453134a23ffc80d00e63b3b59e"},
    {file = "uvloop-0.18.0-cp310-cp310-manylinux_2_17_x86_64.manylinux2014_x86_64.whl", hash = "sha256:99deae0504547d04990cc5acf631d9f490108c3709479d90c1dcd14d6e7af24d"},
    {file = "uvloop-0.18.0-cp310-cp310-musllinux_1_1_aarch64.whl", hash = "sha256:edbb4de38535f42f020da1e3ae7c60f2f65402d027a08a8c60dc8569464873a6"},
    {file = "uvloop-0.18.0-cp310-cp310-musllinux_1_1_x86_64.whl", hash = "sha256:54b211c46facb466726b227f350792770fc96593c4ecdfaafe20dc00f3209aef"},
    {file = "uvloop-0.18.0-cp311-cp311-macosx_10_9_universal2.whl", hash = "sha256:25b714f07c68dcdaad6994414f6ec0f2a3b9565524fba181dcbfd7d9598a3e73"},
    {file = "uvloop-0.18.0-cp311-cp311-macosx_10_9_x86_64.whl", hash = "sha256:1121087dfeb46e9e65920b20d1f46322ba299b8d93f7cb61d76c94b5a1adc20c"},
    {file = "uvloop-0.18.0-cp311-cp311-manylinux_2_17_aarch64.manylinux2014_aarch64.whl", hash = "sha256:74020ef8061678e01a40c49f1716b4f4d1cc71190d40633f08a5ef8a7448a5c6"},
    {file = "uvloop-0.18.0-cp311-cp311-manylinux_2_17_x86_64.manylinux2014_x86_64.whl", hash = "sha256:1f4a549cd747e6f4f8446f4b4c8cb79504a8372d5d3a9b4fc20e25daf8e76c05"},
    {file = "uvloop-0.18.0-cp311-cp311-musllinux_1_1_aarch64.whl", hash = "sha256:6132318e1ab84a626639b252137aa8d031a6c0550250460644c32ed997604088"},
    {file = "uvloop-0.18.0-cp311-cp311-musllinux_1_1_x86_64.whl", hash = "sha256:585b7281f9ea25c4a5fa993b1acca4ad3d8bc3f3fe2e393f0ef51b6c1bcd2fe6"},
    {file = "uvloop-0.18.0-cp312-cp312-macosx_10_9_universal2.whl", hash = "sha256:61151cc207cf5fc88863e50de3d04f64ee0fdbb979d0b97caf21cae29130ed78"},
    {file = "uvloop-0.18.0-cp312-cp312-macosx_10_9_x86_64.whl", hash = "sha256:c65585ae03571b73907b8089473419d8c0aff1e3826b3bce153776de56cbc687"},
    {file = "uvloop-0.18.0-cp312-cp312-manylinux_2_17_aarch64.manylinux2014_aarch64.whl", hash = "sha256:e3d301e23984dcbc92d0e42253e0e0571915f0763f1eeaf68631348745f2dccc"},
    {file = "uvloop-0.18.0-cp312-cp312-manylinux_2_17_x86_64.manylinux2014_x86_64.whl", hash = "sha256:680da98f12a7587f76f6f639a8aa7708936a5d17c5e7db0bf9c9d9cbcb616593"},
    {file = "uvloop-0.18.0-cp312-cp312-musllinux_1_1_aarch64.whl", hash = "sha256:75baba0bfdd385c886804970ae03f0172e0d51e51ebd191e4df09b929771b71e"},
    {file = "uvloop-0.18.0-cp312-cp312-musllinux_1_1_x86_64.whl", hash = "sha256:ed3c28337d2fefc0bac5705b9c66b2702dc392f2e9a69badb1d606e7e7f773bb"},
    {file = "uvloop-0.18.0-cp37-cp37m-macosx_10_9_x86_64.whl", hash = "sha256:8849b8ef861431543c07112ad8436903e243cdfa783290cbee3df4ce86d8dd48"},
    {file = "uvloop-0.18.0-cp37-cp37m-manylinux_2_17_aarch64.manylinux2014_aarch64.whl", hash = "sha256:211ce38d84118ae282a91408f61b85cf28e2e65a0a8966b9a97e0e9d67c48722"},
    {file = "uvloop-0.18.0-cp37-cp37m-manylinux_2_17_x86_64.manylinux2014_x86_64.whl", hash = "sha256:b0a8f706b943c198dcedf1f2fb84899002c195c24745e47eeb8f2fb340f7dfc3"},
    {file = "uvloop-0.18.0-cp37-cp37m-musllinux_1_1_aarch64.whl", hash = "sha256:58e44650cbc8607a218caeece5a689f0a2d10be084a69fc32f7db2e8f364927c"},
    {file = "uvloop-0.18.0-cp37-cp37m-musllinux_1_1_x86_64.whl", hash = "sha256:2b8b7cf7806bdc745917f84d833f2144fabcc38e9cd854e6bc49755e3af2b53e"},
    {file = "uvloop-0.18.0-cp38-cp38-macosx_10_9_universal2.whl", hash = "sha256:56c1026a6b0d12b378425e16250acb7d453abaefe7a2f5977143898db6cfe5bd"},
    {file = "uvloop-0.18.0-cp38-cp38-macosx_10_9_x86_64.whl", hash = "sha256:12af0d2e1b16780051d27c12de7e419b9daeb3516c503ab3e98d364cc55303bb"},
    {file = "uvloop-0.18.0-cp38-cp38-manylinux_2_17_aarch64.manylinux2014_aarch64.whl", hash = "sha256:b028776faf9b7a6d0a325664f899e4c670b2ae430265189eb8d76bd4a57d8a6e"},
    {file = "uvloop-0.18.0-cp38-cp38-manylinux_2_17_x86_64.manylinux2014_x86_64.whl", hash = "sha256:53aca21735eee3859e8c11265445925911ffe410974f13304edb0447f9f58420"},
    {file = "uvloop-0.18.0-cp38-cp38-musllinux_1_1_aarch64.whl", hash = "sha256:847f2ed0887047c63da9ad788d54755579fa23f0784db7e752c7cf14cf2e7506"},
    {file = "uvloop-0.18.0-cp38-cp38-musllinux_1_1_x86_64.whl", hash = "sha256:6e20bb765fcac07879cd6767b6dca58127ba5a456149717e0e3b1f00d8eab51c"},
    {file = "uvloop-0.18.0-cp39-cp39-macosx_10_9_universal2.whl", hash = "sha256:e14de8800765b9916d051707f62e18a304cde661fa2b98a58816ca38d2b94029"},
    {file = "uvloop-0.18.0-cp39-cp39-macosx_10_9_x86_64.whl", hash = "sha256:f3b18663efe0012bc4c315f1b64020e44596f5fabc281f5b0d9bc9465288559c"},
    {file = "uvloop-0.18.0-cp39-cp39-manylinux_2_17_aarch64.manylinux2014_aarch64.whl", hash = "sha256:c6d341bc109fb8ea69025b3ec281fcb155d6824a8ebf5486c989ff7748351a37"},
    {file = "uvloop-0.18.0-cp39-cp39-manylinux_2_17_x86_64.manylinux2014_x86_64.whl", hash = "sha256:895a1e3aca2504638a802d0bec2759acc2f43a0291a1dff886d69f8b7baff399"},
    {file = "uvloop-0.18.0-cp39-cp39-musllinux_1_1_aarch64.whl", hash = "sha256:4d90858f32a852988d33987d608bcfba92a1874eb9f183995def59a34229f30d"},
    {file = "uvloop-0.18.0-cp39-cp39-musllinux_1_1_x86_64.whl", hash = "sha256:db1fcbad5deb9551e011ca589c5e7258b5afa78598174ac37a5f15ddcfb4ac7b"},
    {file = "uvloop-0.18.0.tar.gz", hash = "sha256:d5d1135beffe9cd95d0350f19e2716bc38be47d5df296d7cc46e3b7557c0d1ff"},
]

[package.extras]
docs = ["Sphinx (>=4.1.2,<4.2.0)", "sphinx-rtd-theme (>=0.5.2,<0.6.0)", "sphinxcontrib-asyncio (>=0.3.0,<0.4.0)"]
test = ["Cython (>=0.29.36,<0.30.0)", "aiohttp (==3.9.0b0)", "aiohttp (>=3.8.1)", "flake8 (>=5.0,<6.0)", "mypy (>=0.800)", "psutil", "pyOpenSSL (>=23.0.0,<23.1.0)", "pycodestyle (>=2.9.0,<2.10.0)"]

[[package]]
name = "werkzeug"
version = "3.0.3"
description = "The comprehensive WSGI web application library."
optional = false
python-versions = ">=3.8"
files = [
    {file = "werkzeug-3.0.3-py3-none-any.whl", hash = "sha256:fc9645dc43e03e4d630d23143a04a7f947a9a3b5727cd535fdfe155a17cc48c8"},
    {file = "werkzeug-3.0.3.tar.gz", hash = "sha256:097e5bfda9f0aba8da6b8545146def481d06aa7d3266e7448e2cccf67dd8bd18"},
]

[package.dependencies]
MarkupSafe = ">=2.1.1"

[package.extras]
watchdog = ["watchdog (>=2.3)"]

[metadata]
lock-version = "2.0"
python-versions = "^3.10"
content-hash = "8247babe68f8714ee76da084c1c368aa3570d82e21c315fb20c13aaac48d46a6"
